// !$*UTF8*$!
{
	archiveVersion = 1;
	classes = {
	};
	objectVersion = 77;
	objects = {

/* Begin PBXBuildFile section */
		3E8931642D63775F00A33EAC /* OneSignalNotificationServiceExtension.appex in Embed Foundation Extensions */ = {isa = PBXBuildFile; fileRef = 3E89315D2D63775F00A33EAC /* OneSignalNotificationServiceExtension.appex */; settings = {ATTRIBUTES = (RemoveHeadersOnCopy, ); }; };
		3E8D5C152D6380B900C574E1 /* OneSignalExtension in Frameworks */ = {isa = PBXBuildFile; productRef = 3E8D5C142D6380B900C574E1 /* OneSignalExtension */; };
		3E8D5C172D6380B900C574E1 /* OneSignalFramework in Frameworks */ = {isa = PBXBuildFile; productRef = 3E8D5C162D6380B900C574E1 /* OneSignalFramework */; };
		3E8D5C192D6380B900C574E1 /* OneSignalInAppMessages in Frameworks */ = {isa = PBXBuildFile; productRef = 3E8D5C182D6380B900C574E1 /* OneSignalInAppMessages */; };
		3E8D5C1B2D6385C600C574E1 /* OneSignalExtension in Frameworks */ = {isa = PBXBuildFile; productRef = 3E8D5C1A2D6385C600C574E1 /* OneSignalExtension */; };
/* End PBXBuildFile section */

/* Begin PBXContainerItemProxy section */
		3E8931622D63775F00A33EAC /* PBXContainerItemProxy */ = {
			isa = PBXContainerItemProxy;
			containerPortal = 3E642F542D2C1E5700EE6D1D /* Project object */;
			proxyType = 1;
			remoteGlobalIDString = 3E89315C2D63775F00A33EAC;
			remoteInfo = OneSignalNotificationServiceExtension;
		};
/* End PBXContainerItemProxy section */

/* Begin PBXCopyFilesBuildPhase section */
		3E7034782D2EEF04009A9392 /* Embed Frameworks */ = {
			isa = PBXCopyFilesBuildPhase;
			buildActionMask = 2147483647;
			dstPath = "";
			dstSubfolderSpec = 10;
			files = (
			);
			name = "Embed Frameworks";
			runOnlyForDeploymentPostprocessing = 0;
		};
		3E8931652D63775F00A33EAC /* Embed Foundation Extensions */ = {
			isa = PBXCopyFilesBuildPhase;
			buildActionMask = 2147483647;
			dstPath = "";
			dstSubfolderSpec = 13;
			files = (
				3E8931642D63775F00A33EAC /* OneSignalNotificationServiceExtension.appex in Embed Foundation Extensions */,
			);
			name = "Embed Foundation Extensions";
			runOnlyForDeploymentPostprocessing = 0;
		};
/* End PBXCopyFilesBuildPhase section */

/* Begin PBXFileReference section */
		3E642F5C2D2C1E5700EE6D1D /* FinansDostu.app */ = {isa = PBXFileReference; explicitFileType = wrapper.application; includeInIndex = 0; path = FinansDostu.app; sourceTree = BUILT_PRODUCTS_DIR; };
		3E89315D2D63775F00A33EAC /* OneSignalNotificationServiceExtension.appex */ = {isa = PBXFileReference; explicitFileType = "wrapper.app-extension"; includeInIndex = 0; path = OneSignalNotificationServiceExtension.appex; sourceTree = BUILT_PRODUCTS_DIR; };
/* End PBXFileReference section */

/* Begin PBXFileSystemSynchronizedBuildFileExceptionSet section */
		3E8931682D63775F00A33EAC /* Exceptions for "OneSignalNotificationServiceExtension" folder in "OneSignalNotificationServiceExtension" target */ = {
			isa = PBXFileSystemSynchronizedBuildFileExceptionSet;
			membershipExceptions = (
				Info.plist,
			);
			target = 3E89315C2D63775F00A33EAC /* OneSignalNotificationServiceExtension */;
		};
		3E8D5C1E2D63862500C574E1 /* Exceptions for "FinansDostu" folder in "FinansDostu" target */ = {
			isa = PBXFileSystemSynchronizedBuildFileExceptionSet;
			membershipExceptions = (
				Info.plist,
			);
			target = 3E642F5B2D2C1E5700EE6D1D /* FinansDostu */;
		};
/* End PBXFileSystemSynchronizedBuildFileExceptionSet section */

/* Begin PBXFileSystemSynchronizedRootGroup section */
		3E642F5E2D2C1E5700EE6D1D /* FinansDostu */ = {
			isa = PBXFileSystemSynchronizedRootGroup;
			exceptions = (
				3E8D5C1E2D63862500C574E1 /* Exceptions for "FinansDostu" folder in "FinansDostu" target */,
			);
			path = FinansDostu;
			sourceTree = "<group>";
		};
		3E89315E2D63775F00A33EAC /* OneSignalNotificationServiceExtension */ = {
			isa = PBXFileSystemSynchronizedRootGroup;
			exceptions = (
				3E8931682D63775F00A33EAC /* Exceptions for "OneSignalNotificationServiceExtension" folder in "OneSignalNotificationServiceExtension" target */,
			);
			path = OneSignalNotificationServiceExtension;
			sourceTree = "<group>";
		};
/* End PBXFileSystemSynchronizedRootGroup section */

/* Begin PBXFrameworksBuildPhase section */
		3E642F592D2C1E5700EE6D1D /* Frameworks */ = {
			isa = PBXFrameworksBuildPhase;
			buildActionMask = 2147483647;
			files = (
				3E8D5C192D6380B900C574E1 /* OneSignalInAppMessages in Frameworks */,
				3E8D5C1B2D6385C600C574E1 /* OneSignalExtension in Frameworks */,
				3E8D5C172D6380B900C574E1 /* OneSignalFramework in Frameworks */,
			);
			runOnlyForDeploymentPostprocessing = 0;
		};
		3E89315A2D63775F00A33EAC /* Frameworks */ = {
			isa = PBXFrameworksBuildPhase;
			buildActionMask = 2147483647;
			files = (
				3E8D5C152D6380B900C574E1 /* OneSignalExtension in Frameworks */,
			);
			runOnlyForDeploymentPostprocessing = 0;
		};
/* End PBXFrameworksBuildPhase section */

/* Begin PBXGroup section */
		3E1847162D52CEFD0094AAC6 /* Frameworks */ = {
			isa = PBXGroup;
			children = (
			);
			name = Frameworks;
			sourceTree = "<group>";
		};
		3E642F532D2C1E5700EE6D1D = {
			isa = PBXGroup;
			children = (
				3E642F5E2D2C1E5700EE6D1D /* FinansDostu */,
				3E89315E2D63775F00A33EAC /* OneSignalNotificationServiceExtension */,
				3E1847162D52CEFD0094AAC6 /* Frameworks */,
				3E642F5D2D2C1E5700EE6D1D /* Products */,
			);
			sourceTree = "<group>";
		};
		3E642F5D2D2C1E5700EE6D1D /* Products */ = {
			isa = PBXGroup;
			children = (
				3E642F5C2D2C1E5700EE6D1D /* FinansDostu.app */,
				3E89315D2D63775F00A33EAC /* OneSignalNotificationServiceExtension.appex */,
			);
			name = Products;
			sourceTree = "<group>";
		};
/* End PBXGroup section */

/* Begin PBXNativeTarget section */
		3E642F5B2D2C1E5700EE6D1D /* FinansDostu */ = {
			isa = PBXNativeTarget;
			buildConfigurationList = 3E642F6F2D2C1E5900EE6D1D /* Build configuration list for PBXNativeTarget "FinansDostu" */;
			buildPhases = (
				3E642F582D2C1E5700EE6D1D /* Sources */,
				3E642F592D2C1E5700EE6D1D /* Frameworks */,
				3E642F5A2D2C1E5700EE6D1D /* Resources */,
				3E7034782D2EEF04009A9392 /* Embed Frameworks */,
				3E8931652D63775F00A33EAC /* Embed Foundation Extensions */,
			);
			buildRules = (
			);
			dependencies = (
				3E8931632D63775F00A33EAC /* PBXTargetDependency */,
			);
			fileSystemSynchronizedGroups = (
				3E642F5E2D2C1E5700EE6D1D /* FinansDostu */,
			);
			name = FinansDostu;
			packageProductDependencies = (
				3E8D5C162D6380B900C574E1 /* OneSignalFramework */,
				3E8D5C182D6380B900C574E1 /* OneSignalInAppMessages */,
				3E8D5C1A2D6385C600C574E1 /* OneSignalExtension */,
			);
			productName = FinansDostu;
			productReference = 3E642F5C2D2C1E5700EE6D1D /* FinansDostu.app */;
			productType = "com.apple.product-type.application";
		};
		3E89315C2D63775F00A33EAC /* OneSignalNotificationServiceExtension */ = {
			isa = PBXNativeTarget;
			buildConfigurationList = 3E8931692D63775F00A33EAC /* Build configuration list for PBXNativeTarget "OneSignalNotificationServiceExtension" */;
			buildPhases = (
				3E8931592D63775F00A33EAC /* Sources */,
				3E89315A2D63775F00A33EAC /* Frameworks */,
				3E89315B2D63775F00A33EAC /* Resources */,
			);
			buildRules = (
			);
			dependencies = (
			);
			fileSystemSynchronizedGroups = (
				3E89315E2D63775F00A33EAC /* OneSignalNotificationServiceExtension */,
			);
			name = OneSignalNotificationServiceExtension;
			packageProductDependencies = (
				3E8D5C142D6380B900C574E1 /* OneSignalExtension */,
			);
			productName = OneSignalNotificationServiceExtension;
			productReference = 3E89315D2D63775F00A33EAC /* OneSignalNotificationServiceExtension.appex */;
			productType = "com.apple.product-type.app-extension";
		};
/* End PBXNativeTarget section */

/* Begin PBXProject section */
		3E642F542D2C1E5700EE6D1D /* Project object */ = {
			isa = PBXProject;
			attributes = {
				BuildIndependentTargetsInParallel = 1;
				LastSwiftUpdateCheck = 1610;
				LastUpgradeCheck = 1610;
				TargetAttributes = {
					3E642F5B2D2C1E5700EE6D1D = {
						CreatedOnToolsVersion = 16.1;
					};
					3E89315C2D63775F00A33EAC = {
						CreatedOnToolsVersion = 16.1;
					};
				};
			};
			buildConfigurationList = 3E642F572D2C1E5700EE6D1D /* Build configuration list for PBXProject "FinansDostu" */;
			developmentRegion = en;
			hasScannedForEncodings = 0;
			knownRegions = (
				en,
				Base,
			);
			mainGroup = 3E642F532D2C1E5700EE6D1D;
			minimizedProjectReferenceProxies = 1;
			packageReferences = (
				3E8D5C132D6380B900C574E1 /* XCRemoteSwiftPackageReference "OneSignal-XCFramework" */,
			);
			preferredProjectObjectVersion = 77;
			productRefGroup = 3E642F5D2D2C1E5700EE6D1D /* Products */;
			projectDirPath = "";
			projectRoot = "";
			targets = (
				3E642F5B2D2C1E5700EE6D1D /* FinansDostu */,
				3E89315C2D63775F00A33EAC /* OneSignalNotificationServiceExtension */,
			);
		};
/* End PBXProject section */

/* Begin PBXResourcesBuildPhase section */
		3E642F5A2D2C1E5700EE6D1D /* Resources */ = {
			isa = PBXResourcesBuildPhase;
			buildActionMask = 2147483647;
			files = (
			);
			runOnlyForDeploymentPostprocessing = 0;
		};
		3E89315B2D63775F00A33EAC /* Resources */ = {
			isa = PBXResourcesBuildPhase;
			buildActionMask = 2147483647;
			files = (
			);
			runOnlyForDeploymentPostprocessing = 0;
		};
/* End PBXResourcesBuildPhase section */

/* Begin PBXSourcesBuildPhase section */
		3E642F582D2C1E5700EE6D1D /* Sources */ = {
			isa = PBXSourcesBuildPhase;
			buildActionMask = 2147483647;
			files = (
			);
			runOnlyForDeploymentPostprocessing = 0;
		};
		3E8931592D63775F00A33EAC /* Sources */ = {
			isa = PBXSourcesBuildPhase;
			buildActionMask = 2147483647;
			files = (
			);
			runOnlyForDeploymentPostprocessing = 0;
		};
/* End PBXSourcesBuildPhase section */

/* Begin PBXTargetDependency section */
		3E8931632D63775F00A33EAC /* PBXTargetDependency */ = {
			isa = PBXTargetDependency;
			target = 3E89315C2D63775F00A33EAC /* OneSignalNotificationServiceExtension */;
			targetProxy = 3E8931622D63775F00A33EAC /* PBXContainerItemProxy */;
		};
/* End PBXTargetDependency section */

/* Begin XCBuildConfiguration section */
		3E642F6D2D2C1E5900EE6D1D /* Debug */ = {
			isa = XCBuildConfiguration;
			buildSettings = {
				ALWAYS_SEARCH_USER_PATHS = NO;
				ASSETCATALOG_COMPILER_GENERATE_SWIFT_ASSET_SYMBOL_EXTENSIONS = YES;
				CLANG_ANALYZER_NONNULL = YES;
				CLANG_ANALYZER_NUMBER_OBJECT_CONVERSION = YES_AGGRESSIVE;
				CLANG_CXX_LANGUAGE_STANDARD = "gnu++20";
				CLANG_ENABLE_MODULES = YES;
				CLANG_ENABLE_OBJC_ARC = YES;
				CLANG_ENABLE_OBJC_WEAK = YES;
				CLANG_WARN_BLOCK_CAPTURE_AUTORELEASING = YES;
				CLANG_WARN_BOOL_CONVERSION = YES;
				CLANG_WARN_COMMA = YES;
				CLANG_WARN_CONSTANT_CONVERSION = YES;
				CLANG_WARN_DEPRECATED_OBJC_IMPLEMENTATIONS = YES;
				CLANG_WARN_DIRECT_OBJC_ISA_USAGE = YES_ERROR;
				CLANG_WARN_DOCUMENTATION_COMMENTS = YES;
				CLANG_WARN_EMPTY_BODY = YES;
				CLANG_WARN_ENUM_CONVERSION = YES;
				CLANG_WARN_INFINITE_RECURSION = YES;
				CLANG_WARN_INT_CONVERSION = YES;
				CLANG_WARN_NON_LITERAL_NULL_CONVERSION = YES;
				CLANG_WARN_OBJC_IMPLICIT_RETAIN_SELF = YES;
				CLANG_WARN_OBJC_LITERAL_CONVERSION = YES;
				CLANG_WARN_OBJC_ROOT_CLASS = YES_ERROR;
				CLANG_WARN_QUOTED_INCLUDE_IN_FRAMEWORK_HEADER = YES;
				CLANG_WARN_RANGE_LOOP_ANALYSIS = YES;
				CLANG_WARN_STRICT_PROTOTYPES = YES;
				CLANG_WARN_SUSPICIOUS_MOVE = YES;
				CLANG_WARN_UNGUARDED_AVAILABILITY = YES_AGGRESSIVE;
				CLANG_WARN_UNREACHABLE_CODE = YES;
				CLANG_WARN__DUPLICATE_METHOD_MATCH = YES;
				COPY_PHASE_STRIP = NO;
				DEBUG_INFORMATION_FORMAT = dwarf;
				ENABLE_STRICT_OBJC_MSGSEND = YES;
				ENABLE_TESTABILITY = YES;
				ENABLE_USER_SCRIPT_SANDBOXING = YES;
				GCC_C_LANGUAGE_STANDARD = gnu17;
				GCC_DYNAMIC_NO_PIC = NO;
				GCC_NO_COMMON_BLOCKS = YES;
				GCC_OPTIMIZATION_LEVEL = 0;
				GCC_PREPROCESSOR_DEFINITIONS = (
					"DEBUG=1",
					"$(inherited)",
				);
				GCC_WARN_64_TO_32_BIT_CONVERSION = YES;
				GCC_WARN_ABOUT_RETURN_TYPE = YES_ERROR;
				GCC_WARN_UNDECLARED_SELECTOR = YES;
				GCC_WARN_UNINITIALIZED_AUTOS = YES_AGGRESSIVE;
				GCC_WARN_UNUSED_FUNCTION = YES;
				GCC_WARN_UNUSED_VARIABLE = YES;
				IPHONEOS_DEPLOYMENT_TARGET = 18.1;
				LOCALIZATION_PREFERS_STRING_CATALOGS = YES;
				MTL_ENABLE_DEBUG_INFO = INCLUDE_SOURCE;
				MTL_FAST_MATH = YES;
				ONLY_ACTIVE_ARCH = YES;
				SDKROOT = iphoneos;
				SWIFT_ACTIVE_COMPILATION_CONDITIONS = "DEBUG $(inherited)";
				SWIFT_OPTIMIZATION_LEVEL = "-Onone";
			};
			name = Debug;
		};
		3E642F6E2D2C1E5900EE6D1D /* Release */ = {
			isa = XCBuildConfiguration;
			buildSettings = {
				ALWAYS_SEARCH_USER_PATHS = NO;
				ASSETCATALOG_COMPILER_GENERATE_SWIFT_ASSET_SYMBOL_EXTENSIONS = YES;
				CLANG_ANALYZER_NONNULL = YES;
				CLANG_ANALYZER_NUMBER_OBJECT_CONVERSION = YES_AGGRESSIVE;
				CLANG_CXX_LANGUAGE_STANDARD = "gnu++20";
				CLANG_ENABLE_MODULES = YES;
				CLANG_ENABLE_OBJC_ARC = YES;
				CLANG_ENABLE_OBJC_WEAK = YES;
				CLANG_WARN_BLOCK_CAPTURE_AUTORELEASING = YES;
				CLANG_WARN_BOOL_CONVERSION = YES;
				CLANG_WARN_COMMA = YES;
				CLANG_WARN_CONSTANT_CONVERSION = YES;
				CLANG_WARN_DEPRECATED_OBJC_IMPLEMENTATIONS = YES;
				CLANG_WARN_DIRECT_OBJC_ISA_USAGE = YES_ERROR;
				CLANG_WARN_DOCUMENTATION_COMMENTS = YES;
				CLANG_WARN_EMPTY_BODY = YES;
				CLANG_WARN_ENUM_CONVERSION = YES;
				CLANG_WARN_INFINITE_RECURSION = YES;
				CLANG_WARN_INT_CONVERSION = YES;
				CLANG_WARN_NON_LITERAL_NULL_CONVERSION = YES;
				CLANG_WARN_OBJC_IMPLICIT_RETAIN_SELF = YES;
				CLANG_WARN_OBJC_LITERAL_CONVERSION = YES;
				CLANG_WARN_OBJC_ROOT_CLASS = YES_ERROR;
				CLANG_WARN_QUOTED_INCLUDE_IN_FRAMEWORK_HEADER = YES;
				CLANG_WARN_RANGE_LOOP_ANALYSIS = YES;
				CLANG_WARN_STRICT_PROTOTYPES = YES;
				CLANG_WARN_SUSPICIOUS_MOVE = YES;
				CLANG_WARN_UNGUARDED_AVAILABILITY = YES_AGGRESSIVE;
				CLANG_WARN_UNREACHABLE_CODE = YES;
				CLANG_WARN__DUPLICATE_METHOD_MATCH = YES;
				COPY_PHASE_STRIP = NO;
				DEBUG_INFORMATION_FORMAT = "dwarf-with-dsym";
				ENABLE_NS_ASSERTIONS = NO;
				ENABLE_STRICT_OBJC_MSGSEND = YES;
				ENABLE_USER_SCRIPT_SANDBOXING = YES;
				GCC_C_LANGUAGE_STANDARD = gnu17;
				GCC_NO_COMMON_BLOCKS = YES;
				GCC_WARN_64_TO_32_BIT_CONVERSION = YES;
				GCC_WARN_ABOUT_RETURN_TYPE = YES_ERROR;
				GCC_WARN_UNDECLARED_SELECTOR = YES;
				GCC_WARN_UNINITIALIZED_AUTOS = YES_AGGRESSIVE;
				GCC_WARN_UNUSED_FUNCTION = YES;
				GCC_WARN_UNUSED_VARIABLE = YES;
				IPHONEOS_DEPLOYMENT_TARGET = 18.1;
				LOCALIZATION_PREFERS_STRING_CATALOGS = YES;
				MTL_ENABLE_DEBUG_INFO = NO;
				MTL_FAST_MATH = YES;
				SDKROOT = iphoneos;
				SWIFT_COMPILATION_MODE = wholemodule;
				VALIDATE_PRODUCT = YES;
			};
			name = Release;
		};
		3E642F702D2C1E5900EE6D1D /* Debug */ = {
			isa = XCBuildConfiguration;
			buildSettings = {
				ASSETCATALOG_COMPILER_APPICON_NAME = AppIcon;
				"ASSETCATALOG_COMPILER_APPICON_NAME[sdk=iphoneos*]" = AppIcon;
				ASSETCATALOG_COMPILER_GLOBAL_ACCENT_COLOR_NAME = AccentColor;
				ASSETCATALOG_COMPILER_INCLUDE_ALL_APPICON_ASSETS = YES;
				CODE_SIGN_ENTITLEMENTS = FinansDostu/FinansDostu.entitlements;
				CODE_SIGN_STYLE = Automatic;
				CURRENT_PROJECT_VERSION = 1;
				DEVELOPMENT_ASSET_PATHS = "\"FinansDostu/Preview Content\"";
				DEVELOPMENT_TEAM = RYS4YFHWZB;
				ENABLE_PREVIEWS = YES;
				GENERATE_INFOPLIST_FILE = YES;
				INFOPLIST_FILE = FinansDostu/Info.plist;
				INFOPLIST_KEY_CFBundleDisplayName = "Finans Dostum";
				INFOPLIST_KEY_LSApplicationCategoryType = "public.app-category.finance";
				INFOPLIST_KEY_UIApplicationSceneManifest_Generation = YES;
				INFOPLIST_KEY_UIApplicationSupportsIndirectInputEvents = YES;
				INFOPLIST_KEY_UILaunchScreen_Generation = YES;
				INFOPLIST_KEY_UIStatusBarStyle = "";
				INFOPLIST_KEY_UISupportedInterfaceOrientations = UIInterfaceOrientationPortrait;
				IPHONEOS_DEPLOYMENT_TARGET = 17.1;
				LD_RUNPATH_SEARCH_PATHS = (
					"$(inherited)",
					"@executable_path/Frameworks",
				);
				MARKETING_VERSION = 1.0;
				NEW_SETTING = "";
				PRODUCT_BUNDLE_IDENTIFIER = com.tunaarikaya.FinansDostu;
				PRODUCT_NAME = "$(TARGET_NAME)";
				SUPPORTED_PLATFORMS = "iphoneos iphonesimulator";
				SUPPORTS_MACCATALYST = NO;
				SUPPORTS_MAC_DESIGNED_FOR_IPHONE_IPAD = NO;
				SUPPORTS_XR_DESIGNED_FOR_IPHONE_IPAD = NO;
				SWIFT_EMIT_LOC_STRINGS = YES;
				SWIFT_VERSION = 5.0;
				TARGETED_DEVICE_FAMILY = 1;
			};
			name = Debug;
		};
		3E642F712D2C1E5900EE6D1D /* Release */ = {
			isa = XCBuildConfiguration;
			buildSettings = {
				ASSETCATALOG_COMPILER_APPICON_NAME = AppIcon;
				ASSETCATALOG_COMPILER_GLOBAL_ACCENT_COLOR_NAME = AccentColor;
				ASSETCATALOG_COMPILER_INCLUDE_ALL_APPICON_ASSETS = YES;
				CODE_SIGN_ENTITLEMENTS = FinansDostu/FinansDostu.entitlements;
				CODE_SIGN_STYLE = Automatic;
				CURRENT_PROJECT_VERSION = 1;
				DEVELOPMENT_ASSET_PATHS = "\"FinansDostu/Preview Content\"";
				DEVELOPMENT_TEAM = RYS4YFHWZB;
				ENABLE_PREVIEWS = YES;
				GENERATE_INFOPLIST_FILE = YES;
				INFOPLIST_FILE = FinansDostu/Info.plist;
				INFOPLIST_KEY_CFBundleDisplayName = "Finans Dostum";
				INFOPLIST_KEY_LSApplicationCategoryType = "public.app-category.finance";
				INFOPLIST_KEY_UIApplicationSceneManifest_Generation = YES;
				INFOPLIST_KEY_UIApplicationSupportsIndirectInputEvents = YES;
				INFOPLIST_KEY_UILaunchScreen_Generation = YES;
				INFOPLIST_KEY_UIStatusBarStyle = "";
				INFOPLIST_KEY_UISupportedInterfaceOrientations = UIInterfaceOrientationPortrait;
				IPHONEOS_DEPLOYMENT_TARGET = 17.1;
				LD_RUNPATH_SEARCH_PATHS = (
					"$(inherited)",
					"@executable_path/Frameworks",
				);
				MARKETING_VERSION = 1.0;
				NEW_SETTING = "";
				PRODUCT_BUNDLE_IDENTIFIER = com.tunaarikaya.FinansDostu;
				PRODUCT_NAME = "$(TARGET_NAME)";
				SUPPORTED_PLATFORMS = "iphoneos iphonesimulator";
				SUPPORTS_MACCATALYST = NO;
				SUPPORTS_MAC_DESIGNED_FOR_IPHONE_IPAD = NO;
				SUPPORTS_XR_DESIGNED_FOR_IPHONE_IPAD = NO;
				SWIFT_EMIT_LOC_STRINGS = YES;
				SWIFT_VERSION = 5.0;
				TARGETED_DEVICE_FAMILY = 1;
			};
			name = Release;
		};
		3E8931662D63775F00A33EAC /* Debug */ = {
			isa = XCBuildConfiguration;
			buildSettings = {
				CODE_SIGN_STYLE = Automatic;
				CURRENT_PROJECT_VERSION = 1;
				DEVELOPMENT_TEAM = RYS4YFHWZB;
				GENERATE_INFOPLIST_FILE = YES;
				INFOPLIST_FILE = OneSignalNotificationServiceExtension/Info.plist;
				INFOPLIST_KEY_CFBundleDisplayName = OneSignalNotificationServiceExtension;
				INFOPLIST_KEY_NSHumanReadableCopyright = "";
				LD_RUNPATH_SEARCH_PATHS = (
					"$(inherited)",
					"@executable_path/Frameworks",
					"@executable_path/../../Frameworks",
				);
				MARKETING_VERSION = 1.0;
				PRODUCT_BUNDLE_IDENTIFIER = com.tunaarikaya.FinansDostu.OneSignalNotificationServiceExtension;
				PRODUCT_NAME = "$(TARGET_NAME)";
				SKIP_INSTALL = YES;
				SWIFT_EMIT_LOC_STRINGS = YES;
				SWIFT_VERSION = 5.0;
				TARGETED_DEVICE_FAMILY = "1,2";
			};
			name = Debug;
		};
		3E8931672D63775F00A33EAC /* Release */ = {
			isa = XCBuildConfiguration;
			buildSettings = {
				CODE_SIGN_STYLE = Automatic;
				CURRENT_PROJECT_VERSION = 1;
				DEVELOPMENT_TEAM = RYS4YFHWZB;
				GENERATE_INFOPLIST_FILE = YES;
				INFOPLIST_FILE = OneSignalNotificationServiceExtension/Info.plist;
				INFOPLIST_KEY_CFBundleDisplayName = OneSignalNotificationServiceExtension;
				INFOPLIST_KEY_NSHumanReadableCopyright = "";
				LD_RUNPATH_SEARCH_PATHS = (
					"$(inherited)",
					"@executable_path/Frameworks",
					"@executable_path/../../Frameworks",
				);
				MARKETING_VERSION = 1.0;
				PRODUCT_BUNDLE_IDENTIFIER = com.tunaarikaya.FinansDostu.OneSignalNotificationServiceExtension;
				PRODUCT_NAME = "$(TARGET_NAME)";
				SKIP_INSTALL = YES;
				SWIFT_EMIT_LOC_STRINGS = YES;
				SWIFT_VERSION = 5.0;
				TARGETED_DEVICE_FAMILY = "1,2";
			};
			name = Release;
		};
/* End XCBuildConfiguration section */

/* Begin XCConfigurationList section */
		3E642F572D2C1E5700EE6D1D /* Build configuration list for PBXProject "FinansDostu" */ = {
			isa = XCConfigurationList;
			buildConfigurations = (
				3E642F6D2D2C1E5900EE6D1D /* Debug */,
				3E642F6E2D2C1E5900EE6D1D /* Release */,
			);
			defaultConfigurationIsVisible = 0;
			defaultConfigurationName = Release;
		};
		3E642F6F2D2C1E5900EE6D1D /* Build configuration list for PBXNativeTarget "FinansDostu" */ = {
			isa = XCConfigurationList;
			buildConfigurations = (
				3E642F702D2C1E5900EE6D1D /* Debug */,
				3E642F712D2C1E5900EE6D1D /* Release */,
			);
			defaultConfigurationIsVisible = 0;
			defaultConfigurationName = Release;
		};
		3E8931692D63775F00A33EAC /* Build configuration list for PBXNativeTarget "OneSignalNotificationServiceExtension" */ = {
			isa = XCConfigurationList;
			buildConfigurations = (
				3E8931662D63775F00A33EAC /* Debug */,
				3E8931672D63775F00A33EAC /* Release */,
			);
			defaultConfigurationIsVisible = 0;
			defaultConfigurationName = Release;
		};
/* End XCConfigurationList section */

/* Begin XCRemoteSwiftPackageReference section */
		3E8D5C132D6380B900C574E1 /* XCRemoteSwiftPackageReference "OneSignal-XCFramework" */ = {
			isa = XCRemoteSwiftPackageReference;
			repositoryURL = "https://github.com/OneSignal/OneSignal-XCFramework";
			requirement = {
				kind = upToNextMajorVersion;
				minimumVersion = 5.2.10;
			};
		};
/* End XCRemoteSwiftPackageReference section */

/* Begin XCSwiftPackageProductDependency section */
		3E8D5C142D6380B900C574E1 /* OneSignalExtension */ = {
			isa = XCSwiftPackageProductDependency;
			package = 3E8D5C132D6380B900C574E1 /* XCRemoteSwiftPackageReference "OneSignal-XCFramework" */;
			productName = OneSignalExtension;
		};
		3E8D5C162D6380B900C574E1 /* OneSignalFramework */ = {
			isa = XCSwiftPackageProductDependency;
			package = 3E8D5C132D6380B900C574E1 /* XCRemoteSwiftPackageReference "OneSignal-XCFramework" */;
			productName = OneSignalFramework;
		};
		3E8D5C182D6380B900C574E1 /* OneSignalInAppMessages */ = {
			isa = XCSwiftPackageProductDependency;
			package = 3E8D5C132D6380B900C574E1 /* XCRemoteSwiftPackageReference "OneSignal-XCFramework" */;
			productName = OneSignalInAppMessages;
		};
		3E8D5C1A2D6385C600C574E1 /* OneSignalExtension */ = {
			isa = XCSwiftPackageProductDependency;
			package = 3E8D5C132D6380B900C574E1 /* XCRemoteSwiftPackageReference "OneSignal-XCFramework" */;
			productName = OneSignalExtension;
		};
/* End XCSwiftPackageProductDependency section */
	};
	rootObject = 3E642F542D2C1E5700EE6D1D /* Project object */;
}
